{
  "name": "meu-projeto",
  "version": "1.0.0",
  "lockfileVersion": 3,
  "requires": true,
  "packages": {
    "": {
      "name": "meu-projeto",
      "version": "1.0.0",
      "license": "ISC",
      "dependencies": {
        "@hpcc-js/wasm": "^2.28.0",
        "@vizdom/vizdom-ts-node": "^0.1.19",
        "graphviz": "^0.0.9",
        "ts-graphviz": "^3.0.6"
      }
    },
    "node_modules/@hpcc-js/wasm": {
      "version": "2.28.0",
      "resolved": "https://registry.npmjs.org/@hpcc-js/wasm/-/wasm-2.28.0.tgz",
      "integrity": "sha512-eZGJKvRckQ8avXWDU26ZFM9bD0PDUBiWK6gQpYOHSdQOVqBioHaF6lTfElcmfQVnGE1OZgiiYQkMOqRTZ0Xb3g==",
      "dependencies": {
        "yargs": "18.0.0"
      },
      "bin": {
        "dot-wasm": "deprecated/dot-wasm.js"
      }
    },
    "node_modules/@ts-graphviz/adapter": {
      "version": "3.0.5",
      "resolved": "https://registry.npmjs.org/@ts-graphviz/adapter/-/adapter-3.0.5.tgz",
      "integrity": "sha512-l6U+jizdkgnwq8Gb4I/Azgr/TGM452ovx2SLxUU/mGZNtrdOol4qi7Gn+d5hP3weBKkUNV9C7j1Xawg4w1DkCw==",
      "funding": [
        {
          "type": "github",
          "url": "https://github.com/sponsors/ts-graphviz"
        },
        {
          "type": "opencollective",
          "url": "https://opencollective.com/ts-graphviz"
        }
      ],
      "dependencies": {
        "@ts-graphviz/common": "^3.0.4"
      },
      "engines": {
        "node": ">=20"
      }
    },
    "node_modules/@ts-graphviz/ast": {
      "version": "3.0.5",
      "resolved": "https://registry.npmjs.org/@ts-graphviz/ast/-/ast-3.0.5.tgz",
      "integrity": "sha512-gwrhTWspMU0qIP8V3yLnwUcnV+pJuPRTp5RAzpqYlKcD7NIsMtZfCzN2fzg8SpkJFC5S/9Ajlv7zJy37LhGH6A==",
      "funding": [
        {
          "type": "github",
          "url": "https://github.com/sponsors/ts-graphviz"
        },
        {
          "type": "opencollective",
          "url": "https://opencollective.com/ts-graphviz"
        }
      ],
      "dependencies": {
        "@ts-graphviz/common": "^3.0.4"
      },
      "engines": {
        "node": ">=20"
      }
    },
    "node_modules/@ts-graphviz/common": {
      "version": "3.0.4",
      "resolved": "https://registry.npmjs.org/@ts-graphviz/common/-/common-3.0.4.tgz",
      "integrity": "sha512-lwyjx7FAXLCh4/8bHWHRr45yj1GycoGz747XxF3rbJ2SDDpCC12De0cT06v2EuHqAwpq629+A9VDft5G/wRAIw==",
      "funding": [
        {
          "type": "github",
          "url": "https://github.com/sponsors/ts-graphviz"
        },
        {
          "type": "opencollective",
          "url": "https://opencollective.com/ts-graphviz"
        }
      ],
      "engines": {
        "node": ">=20"
      }
    },
    "node_modules/@ts-graphviz/core": {
      "version": "3.0.6",
      "resolved": "https://registry.npmjs.org/@ts-graphviz/core/-/core-3.0.6.tgz",
      "integrity": "sha512-5g/Tj1xoUgOnB0yhTe4uHR6WTm5zZSm6o79DihTHENOT5/dli70cAI28ousc8hB46N4PKEPqDMR5C/W/jCvtow==",
      "funding": [
        {
          "type": "github",
          "url": "https://github.com/sponsors/ts-graphviz"
        },
        {
          "type": "opencollective",
          "url": "https://opencollective.com/ts-graphviz"
        }
      ],
      "dependencies": {
        "@ts-graphviz/ast": "^3.0.5",
        "@ts-graphviz/common": "^3.0.4"
      },
      "engines": {
        "node": ">=20"
      }
    },
    "node_modules/@vizdom/vizdom-ts-node": {
      "version": "0.1.19",
      "resolved": "https://registry.npmjs.org/@vizdom/vizdom-ts-node/-/vizdom-ts-node-0.1.19.tgz",
      "integrity": "sha512-vujigevTlGNYw0MiTwM1V3Z7R794a+SUfsjWXA/ShGlutjJjN0lmd2SKTOMdQO79t/CnxFEkW6sCA0/s4HcrRQ=="
    },
    "node_modules/ansi-regex": {
      "version": "6.2.2",
      "resolved": "https://registry.npmjs.org/ansi-regex/-/ansi-regex-6.2.2.tgz",
      "integrity": "sha512-Bq3SmSpyFHaWjPk8If9yc6svM8c56dB5BAtW4Qbw5jHTwwXXcTLoRMkpDJp6VL0XzlWaCHTXrkFURMYmD0sLqg==",
      "engines": {
        "node": ">=12"
      },
      "funding": {
        "url": "https://github.com/chalk/ansi-regex?sponsor=1"
      }
    },
    "node_modules/ansi-styles": {
      "version": "6.2.3",
      "resolved": "https://registry.npmjs.org/ansi-styles/-/ansi-styles-6.2.3.tgz",
      "integrity": "sha512-4Dj6M28JB+oAH8kFkTLUo+a2jwOFkuqb3yucU0CANcRRUbxS0cP0nZYCGjcc3BNXwRIsUVmDGgzawme7zvJHvg==",
      "engines": {
        "node": ">=12"
      },
      "funding": {
        "url": "https://github.com/chalk/ansi-styles?sponsor=1"
      }
    },
    "node_modules/cliui": {
      "version": "9.0.1",
      "resolved": "https://registry.npmjs.org/cliui/-/cliui-9.0.1.tgz",
      "integrity": "sha512-k7ndgKhwoQveBL+/1tqGJYNz097I7WOvwbmmU2AR5+magtbjPWQTS1C5vzGkBC8Ym8UWRzfKUzUUqFLypY4Q+w==",
      "dependencies": {
        "string-width": "^7.2.0",
        "strip-ansi": "^7.1.0",
        "wrap-ansi": "^9.0.0"
      },
      "engines": {
        "node": ">=20"
      }
    },
    "node_modules/emoji-regex": {
      "version": "10.6.0",
      "resolved": "https://registry.npmjs.org/emoji-regex/-/emoji-regex-10.6.0.tgz",
      "integrity": "sha512-toUI84YS5YmxW219erniWD0CIVOo46xGKColeNQRgOzDorgBi1v4D71/OFzgD9GO2UGKIv1C3Sp8DAn0+j5w7A=="
    },
    "node_modules/escalade": {
      "version": "3.2.0",
      "resolved": "https://registry.npmjs.org/escalade/-/escalade-3.2.0.tgz",
      "integrity": "sha512-WUj2qlxaQtO4g6Pq5c29GTcWGDyd8itL8zTlipgECz3JesAiiOKotd8JU6otB3PACgG6xkJUyVhboMS+bje/jA==",
      "engines": {
        "node": ">=6"
      }
    },
    "node_modules/get-caller-file": {
      "version": "2.0.5",
      "resolved": "https://registry.npmjs.org/get-caller-file/-/get-caller-file-2.0.5.tgz",
      "integrity": "sha512-DyFP3BM/3YHTQOCUL/w0OZHR0lpKeGrxotcHWcqNEdnltqFwXVfhEBQ94eIo34AfQpo0rGki4cyIiftY06h2Fg==",
      "engines": {
        "node": "6.* || 8.* || >= 10.*"
      }
    },
    "node_modules/get-east-asian-width": {
      "version": "1.4.0",
      "resolved": "https://registry.npmjs.org/get-east-asian-width/-/get-east-asian-width-1.4.0.tgz",
      "integrity": "sha512-QZjmEOC+IT1uk6Rx0sX22V6uHWVwbdbxf1faPqJ1QhLdGgsRGCZoyaQBm/piRdJy/D2um6hM1UP7ZEeQ4EkP+Q==",
      "engines": {
        "node": ">=18"
      },
      "funding": {
        "url": "https://github.com/sponsors/sindresorhus"
      }
    },
    "node_modules/graphviz": {
      "version": "0.0.9",
      "resolved": "https://registry.npmjs.org/graphviz/-/graphviz-0.0.9.tgz",
      "integrity": "sha512-SmoY2pOtcikmMCqCSy2NO1YsRfu9OO0wpTlOYW++giGjfX1a6gax/m1Fo8IdUd0/3H15cTOfR1SMKwohj4LKsg==",
      "dependencies": {
        "temp": "~0.4.0"
      },
      "engines": {
        "node": ">=0.6.8"
      }
    },
    "node_modules/string-width": {
      "version": "7.2.0",
      "resolved": "https://registry.npmjs.org/string-width/-/string-width-7.2.0.tgz",
      "integrity": "sha512-tsaTIkKW9b4N+AEj+SVA+WhJzV7/zMhcSu78mLKWSk7cXMOSHsBKFWUs0fWwq8QyK3MgJBQRX6Gbi4kYbdvGkQ==",
      "dependencies": {
        "emoji-regex": "^10.3.0",
        "get-east-asian-width": "^1.0.0",
        "strip-ansi": "^7.1.0"
      },
      "engines": {
        "node": ">=18"
      },
      "funding": {
        "url": "https://github.com/sponsors/sindresorhus"
      }
    },
    "node_modules/strip-ansi": {
      "version": "7.1.2",
      "resolved": "https://registry.npmjs.org/strip-ansi/-/strip-ansi-7.1.2.tgz",
      "integrity": "sha512-gmBGslpoQJtgnMAvOVqGZpEz9dyoKTCzy2nfz/n8aIFhN/jCE/rCmcxabB6jOOHV+0WNnylOxaxBQPSvcWklhA==",
      "dependencies": {
        "ansi-regex": "^6.0.1"
      },
      "engines": {
        "node": ">=12"
      },
      "funding": {
        "url": "https://github.com/chalk/strip-ansi?sponsor=1"
      }
    },
    "node_modules/temp": {
      "version": "0.4.0",
      "resolved": "https://registry.npmjs.org/temp/-/temp-0.4.0.tgz",
      "integrity": "sha512-IsFisGgDKk7qzK9erMIkQe/XwiSUdac7z3wYOsjcLkhPBy3k1SlvLoIh2dAHIlEpgA971CgguMrx9z8fFg7tSA==",
      "engines": [
        "node >=0.4.0"
      ]
    },
    "node_modules/ts-graphviz": {
      "version": "3.0.6",
      "resolved": "https://registry.npmjs.org/ts-graphviz/-/ts-graphviz-3.0.6.tgz",
      "integrity": "sha512-NZAbgrRP4HPTgD/w032eQM2P1bEYv+peW+fiw4CreEKwZvqtWm2B7gi4Kon5fzRuP+VP8m7hpIBAWHT5rqEK6w==",
      "funding": [
        {
          "type": "github",
          "url": "https://github.com/sponsors/ts-graphviz"
        },
        {
          "type": "opencollective",
          "url": "https://opencollective.com/ts-graphviz"
        }
      ],
      "dependencies": {
        "@ts-graphviz/adapter": "^3.0.5",
        "@ts-graphviz/ast": "^3.0.5",
        "@ts-graphviz/common": "^3.0.4",
        "@ts-graphviz/core": "^3.0.6"
      },
      "engines": {
        "node": ">=20"
      }
    },
    "node_modules/wrap-ansi": {
      "version": "9.0.2",
      "resolved": "https://registry.npmjs.org/wrap-ansi/-/wrap-ansi-9.0.2.tgz",
      "integrity": "sha512-42AtmgqjV+X1VpdOfyTGOYRi0/zsoLqtXQckTmqTeybT+BDIbM/Guxo7x3pE2vtpr1ok6xRqM9OpBe+Jyoqyww==",
      "dependencies": {
        "ansi-styles": "^6.2.1",
        "string-width": "^7.0.0",
        "strip-ansi": "^7.1.0"
      },
      "engines": {
        "node": ">=18"
      },
      "funding": {
        "url": "https://github.com/chalk/wrap-ansi?sponsor=1"
      }
    },
    "node_modules/y18n": {
      "version": "5.0.8",
      "resolved": "https://registry.npmjs.org/y18n/-/y18n-5.0.8.tgz",
      "integrity": "sha512-0pfFzegeDWJHJIAmTLRP2DwHjdF5s7jo9tuztdQxAhINCdvS+3nGINqPd00AphqJR/0LhANUS6/+7SCb98YOfA==",
      "engines": {
        "node": ">=10"
      }
    },
    "node_modules/yargs": {
      "version": "18.0.0",
      "resolved": "https://registry.npmjs.org/yargs/-/yargs-18.0.0.tgz",
      "integrity": "sha512-4UEqdc2RYGHZc7Doyqkrqiln3p9X2DZVxaGbwhn2pi7MrRagKaOcIKe8L3OxYcbhXLgLFUS3zAYuQjKBQgmuNg==",
      "dependencies": {
        "cliui": "^9.0.1",
        "escalade": "^3.1.1",
        "get-caller-file": "^2.0.5",
        "string-width": "^7.2.0",
        "y18n": "^5.0.5",
        "yargs-parser": "^22.0.0"
      },
      "engines": {
        "node": "^20.19.0 || ^22.12.0 || >=23"
      }
    },
    "node_modules/yargs-parser": {
      "version": "22.0.0",
      "resolved": "https://registry.npmjs.org/yargs-parser/-/yargs-parser-22.0.0.tgz",
      "integrity": "sha512-rwu/ClNdSMpkSrUb+d6BRsSkLUq1fmfsY6TOpYzTwvwkg1/NRG85KBy3kq++A8LKQwX6lsu+aWad+2khvuXrqw==",
      "engines": {
        "node": "^20.19.0 || ^22.12.0 || >=23"
      }
    }
  }
}
