{
  "name": "ordenacao",
  "lockfileVersion": 3,
  "requires": true,
  "packages": {
    "": {
      "dependencies": {
        "algorithms": "^0.10.0"
      }
    },
    "node_modules/algorithms": {
      "version": "0.10.0",
      "resolved": "https://registry.npmjs.org/algorithms/-/algorithms-0.10.0.tgz",
      "integrity": "sha512-f5X+lDALkG6V4Y0IWrOLEEJ8GGW2enbaGSaJwcqddk4irIvzULkNMPqnTUQlRG/0eDdFc7agRhtfPmbFmuntgg=="
    }
  }
}
